
Microsoft Visual Studio Solution File, Format Version 12.00
# Visual Studio Version 17
VisualStudioVersion = 17.5.33516.290
MinimumVisualStudioVersion = 10.0.40219.1
Project("{FAE04EC0-301F-11D3-BF4B-00C04F79EFBC}") = "RecapProject1", "RecapProject1\RecapProject1.csproj", "{4FF77971-453E-42F5-8072-FC7E94642D74}"
EndProject
Global
	GlobalSection(SolutionConfigurationPlatforms) = preSolution
		Debug|Any CPU = Debug|Any CPU
		Release|Any CPU = Release|Any CPU
	EndGlobalSection
	GlobalSection(ProjectConfigurationPlatforms) = postSolution
		{4FF77971-453E-42F5-8072-FC7E94642D74}.Debug|Any CPU.ActiveCfg = Debug|Any CPU
		{4FF77971-453E-42F5-8072-FC7E94642D74}.Debug|Any CPU.Build.0 = Debug|Any CPU
		{4FF77971-453E-42F5-8072-FC7E94642D74}.Release|Any CPU.ActiveCfg = Release|Any CPU
		{4FF77971-453E-42F5-8072-FC7E94642D74}.Release|Any CPU.Build.0 = Release|Any CPU
	EndGlobalSection
	GlobalSection(SolutionProperties) = preSolution
		HideSolutionNode = FALSE
	EndGlobalSection
	GlobalSection(ExtensibilityGlobals) = postSolution
		SolutionGuid = {E8129C2C-A1A9-4E6F-9E28-A5D76F4689E9}
	EndGlobalSection
EndGlobal
